
Microsoft Visual Studio Solution File, Format Version 12.00
# Visual Studio Version 16
VisualStudioVersion = 16.0.31105.61
MinimumVisualStudioVersion = 10.0.40219.1
Project("{FAE04EC0-301F-11D3-BF4B-00C04F79EFBC}") = "PDFTOHTML", "PDFTOHTML\PDFTOHTML.csproj", "{74957722-83BA-4AB5-BEDE-E66AEAA93FA7}"
EndProject
Global
	GlobalSection(SolutionConfigurationPlatforms) = preSolution
		Debug|Any CPU = Debug|Any CPU
		Release|Any CPU = Release|Any CPU
	EndGlobalSection
	GlobalSection(ProjectConfigurationPlatforms) = postSolution
		{74957722-83BA-4AB5-BEDE-E66AEAA93FA7}.Debug|Any CPU.ActiveCfg = Debug|Any CPU
		{74957722-83BA-4AB5-BEDE-E66AEAA93FA7}.Debug|Any CPU.Build.0 = Debug|Any CPU
		{74957722-83BA-4AB5-BEDE-E66AEAA93FA7}.Release|Any CPU.ActiveCfg = Release|Any CPU
		{74957722-83BA-4AB5-BEDE-E66AEAA93FA7}.Release|Any CPU.Build.0 = Release|Any CPU
	EndGlobalSection
	GlobalSection(SolutionProperties) = preSolution
		HideSolutionNode = FALSE
	EndGlobalSection
	GlobalSection(ExtensibilityGlobals) = postSolution
		SolutionGuid = {E54FD39F-F8B3-4508-8A60-D9075F4FD098}
	EndGlobalSection
EndGlobal
